
Microsoft Visual Studio Solution File, Format Version 12.00
# Visual Studio Version 16
VisualStudioVersion = 16.0.29728.190
MinimumVisualStudioVersion = 10.0.40219.1
Project("{FAE04EC0-301F-11D3-BF4B-00C04F79EFBC}") = "DemoConfirmation", "DemoConfirmation\DemoConfirmation.csproj", "{F27EF7C1-6DED-449F-AC8B-C354DFC59C19}"
EndProject
Project("{FAE04EC0-301F-11D3-BF4B-00C04F79EFBC}") = "APIService", "APIService\APIService.csproj", "{90550856-B0A1-4B82-A8BF-0AB23C9459A0}"
EndProject
Global
	GlobalSection(SolutionConfigurationPlatforms) = preSolution
		Debug|Any CPU = Debug|Any CPU
		Release|Any CPU = Release|Any CPU
	EndGlobalSection
	GlobalSection(ProjectConfigurationPlatforms) = postSolution
		{F27EF7C1-6DED-449F-AC8B-C354DFC59C19}.Debug|Any CPU.ActiveCfg = Debug|Any CPU
		{F27EF7C1-6DED-449F-AC8B-C354DFC59C19}.Debug|Any CPU.Build.0 = Debug|Any CPU
		{F27EF7C1-6DED-449F-AC8B-C354DFC59C19}.Release|Any CPU.ActiveCfg = Release|Any CPU
		{F27EF7C1-6DED-449F-AC8B-C354DFC59C19}.Release|Any CPU.Build.0 = Release|Any CPU
		{90550856-B0A1-4B82-A8BF-0AB23C9459A0}.Debug|Any CPU.ActiveCfg = Debug|Any CPU
		{90550856-B0A1-4B82-A8BF-0AB23C9459A0}.Debug|Any CPU.Build.0 = Debug|Any CPU
		{90550856-B0A1-4B82-A8BF-0AB23C9459A0}.Release|Any CPU.ActiveCfg = Release|Any CPU
		{90550856-B0A1-4B82-A8BF-0AB23C9459A0}.Release|Any CPU.Build.0 = Release|Any CPU
	EndGlobalSection
	GlobalSection(SolutionProperties) = preSolution
		HideSolutionNode = FALSE
	EndGlobalSection
	GlobalSection(ExtensibilityGlobals) = postSolution
		SolutionGuid = {AC2F8330-6CA8-4DB7-9D97-EAEC132C58CE}
	EndGlobalSection
EndGlobal
